{
  "requires": true,
  "lockfileVersion": 1,
  "dependencies": {
    "pdftotextjs": {
      "version": "0.5.1",
      "resolved": "https://registry.npmjs.org/pdftotextjs/-/pdftotextjs-0.5.1.tgz",
      "integrity": "sha512-1e1KxK7Ka1w2Tz7EEdt+20ChIj7Z3uH2fCeY7+eJwhi5xz5bWkx4P2rqeoF9dXPRrKaYZbFxIKkuoWxuW8nReg=="
    }
  }
}
